
Microsoft Visual Studio Solution File, Format Version 11.00
# Visual Studio 2010
Project("{FAE04EC0-301F-11D3-BF4B-00C04F79EFBC}") = "VisualStudioQueryPlugin", "VisualStudioQueryPlugin\VisualStudioQueryPlugin.csproj", "{39DBEF28-5D06-4E54-ADB0-7944D01132ED}"
EndProject
Project("{FAE04EC0-301F-11D3-BF4B-00C04F79EFBC}") = "Core", "Core\Core.csproj", "{3874C975-9A79-4024-96C6-565D2EFDC8FE}"
EndProject
Global
	GlobalSection(SolutionConfigurationPlatforms) = preSolution
		Debug|Any CPU = Debug|Any CPU
		Release|Any CPU = Release|Any CPU
	EndGlobalSection
	GlobalSection(ProjectConfigurationPlatforms) = postSolution
		{39DBEF28-5D06-4E54-ADB0-7944D01132ED}.Debug|Any CPU.ActiveCfg = Debug|Any CPU
		{39DBEF28-5D06-4E54-ADB0-7944D01132ED}.Debug|Any CPU.Build.0 = Debug|Any CPU
		{39DBEF28-5D06-4E54-ADB0-7944D01132ED}.Release|Any CPU.ActiveCfg = Release|Any CPU
		{39DBEF28-5D06-4E54-ADB0-7944D01132ED}.Release|Any CPU.Build.0 = Release|Any CPU
		{3874C975-9A79-4024-96C6-565D2EFDC8FE}.Debug|Any CPU.ActiveCfg = Debug|Any CPU
		{3874C975-9A79-4024-96C6-565D2EFDC8FE}.Debug|Any CPU.Build.0 = Debug|Any CPU
		{3874C975-9A79-4024-96C6-565D2EFDC8FE}.Release|Any CPU.ActiveCfg = Release|Any CPU
		{3874C975-9A79-4024-96C6-565D2EFDC8FE}.Release|Any CPU.Build.0 = Release|Any CPU
	EndGlobalSection
	GlobalSection(SolutionProperties) = preSolution
		HideSolutionNode = FALSE
	EndGlobalSection
EndGlobal
