
Microsoft Visual Studio Solution File, Format Version 11.00
# Visual Studio 2010
Project("{FAE04EC0-301F-11D3-BF4B-00C04F79EFBC}") = "VisualStudioQueryAddin", "VisualStudioQueryAddin.csproj", "{316D0A51-0D2B-4FD0-B938-2E49B82CC6E8}"
EndProject
Project("{FAE04EC0-301F-11D3-BF4B-00C04F79EFBC}") = "Core", "..\Core\Core.csproj", "{3874C975-9A79-4024-96C6-565D2EFDC8FE}"
EndProject
Project("{2150E333-8FDC-42A3-9474-1A3956D46DE8}") = "Test", "Test", "{475BAFE1-7219-4C8A-835E-4DBA305557E4}"
EndProject
Project("{FAE04EC0-301F-11D3-BF4B-00C04F79EFBC}") = "Core.Test", "Core.Test\Core.Test.csproj", "{DC6030AA-3D37-41CF-BFCA-8E6691CE045A}"
EndProject
Global
	GlobalSection(SolutionConfigurationPlatforms) = preSolution
		Debug|Any CPU = Debug|Any CPU
		Release|Any CPU = Release|Any CPU
	EndGlobalSection
	GlobalSection(ProjectConfigurationPlatforms) = postSolution
		{316D0A51-0D2B-4FD0-B938-2E49B82CC6E8}.Debug|Any CPU.ActiveCfg = Debug|Any CPU
		{316D0A51-0D2B-4FD0-B938-2E49B82CC6E8}.Debug|Any CPU.Build.0 = Debug|Any CPU
		{316D0A51-0D2B-4FD0-B938-2E49B82CC6E8}.Release|Any CPU.ActiveCfg = Release|Any CPU
		{316D0A51-0D2B-4FD0-B938-2E49B82CC6E8}.Release|Any CPU.Build.0 = Release|Any CPU
		{3874C975-9A79-4024-96C6-565D2EFDC8FE}.Debug|Any CPU.ActiveCfg = Debug|Any CPU
		{3874C975-9A79-4024-96C6-565D2EFDC8FE}.Debug|Any CPU.Build.0 = Debug|Any CPU
		{3874C975-9A79-4024-96C6-565D2EFDC8FE}.Release|Any CPU.ActiveCfg = Release|Any CPU
		{3874C975-9A79-4024-96C6-565D2EFDC8FE}.Release|Any CPU.Build.0 = Release|Any CPU
		{DC6030AA-3D37-41CF-BFCA-8E6691CE045A}.Debug|Any CPU.ActiveCfg = Debug|Any CPU
		{DC6030AA-3D37-41CF-BFCA-8E6691CE045A}.Debug|Any CPU.Build.0 = Debug|Any CPU
		{DC6030AA-3D37-41CF-BFCA-8E6691CE045A}.Release|Any CPU.ActiveCfg = Release|Any CPU
		{DC6030AA-3D37-41CF-BFCA-8E6691CE045A}.Release|Any CPU.Build.0 = Release|Any CPU
	EndGlobalSection
	GlobalSection(SolutionProperties) = preSolution
		HideSolutionNode = FALSE
	EndGlobalSection
	GlobalSection(NestedProjects) = preSolution
		{DC6030AA-3D37-41CF-BFCA-8E6691CE045A} = {475BAFE1-7219-4C8A-835E-4DBA305557E4}
	EndGlobalSection
EndGlobal
